
Microsoft Visual Studio Solution File, Format Version 12.00
# Visual Studio 15
VisualStudioVersion = 15.0.27130.2027
MinimumVisualStudioVersion = 10.0.40219.1
Project("{FAE04EC0-301F-11D3-BF4B-00C04F79EFBC}") = "BullclipTestAutomation", "BullclipTestAutomation\BullclipTestAutomation.csproj", "{48672EE8-F9CF-45A0-9D93-544D30C2672E}"
EndProject
Global
	GlobalSection(SolutionConfigurationPlatforms) = preSolution
		Debug|Any CPU = Debug|Any CPU
		Release|Any CPU = Release|Any CPU
	EndGlobalSection
	GlobalSection(ProjectConfigurationPlatforms) = postSolution
		{48672EE8-F9CF-45A0-9D93-544D30C2672E}.Debug|Any CPU.ActiveCfg = Debug|Any CPU
		{48672EE8-F9CF-45A0-9D93-544D30C2672E}.Debug|Any CPU.Build.0 = Debug|Any CPU
		{48672EE8-F9CF-45A0-9D93-544D30C2672E}.Release|Any CPU.ActiveCfg = Release|Any CPU
		{48672EE8-F9CF-45A0-9D93-544D30C2672E}.Release|Any CPU.Build.0 = Release|Any CPU
	EndGlobalSection
	GlobalSection(SolutionProperties) = preSolution
		HideSolutionNode = FALSE
	EndGlobalSection
	GlobalSection(ExtensibilityGlobals) = postSolution
		SolutionGuid = {40D5D31B-ADA3-4AC4-BB41-8AC2C00C9F60}
	EndGlobalSection
EndGlobal
